// !$*UTF8*$!
{
	archiveVersion = 1;
	classes = {
	};
	objectVersion = 56;
	objects = {

/* Begin PBXBuildFile section */
		5EDE26332AAA649100B4690A /* AutomationTestingTutorialApp.swift in Sources */ = {isa = PBXBuildFile; fileRef = 5EDE26322AAA649100B4690A /* AutomationTestingTutorialApp.swift */; };
		5EDE26352AAA649100B4690A /* ContentView.swift in Sources */ = {isa = PBXBuildFile; fileRef = 5EDE26342AAA649100B4690A /* ContentView.swift */; };
		5EDE26372AAA649200B4690A /* Assets.xcassets in Resources */ = {isa = PBXBuildFile; fileRef = 5EDE26362AAA649200B4690A /* Assets.xcassets */; };
		5EDE263A2AAA649200B4690A /* Preview Assets.xcassets in Resources */ = {isa = PBXBuildFile; fileRef = 5EDE26392AAA649200B4690A /* Preview Assets.xcassets */; };
		5EDE26442AAA649200B4690A /* AutomationTestingTutorialTests.swift in Sources */ = {isa = PBXBuildFile; fileRef = 5EDE26432AAA649200B4690A /* AutomationTestingTutorialTests.swift */; };
		5EDE264E2AAA649200B4690A /* AutomationTestingTutorialUITests.swift in Sources */ = {isa = PBXBuildFile; fileRef = 5EDE264D2AAA649200B4690A /* AutomationTestingTutorialUITests.swift */; };
		5EDE26502AAA649200B4690A /* AutomationTestingTutorialUITestsLaunchTests.swift in Sources */ = {isa = PBXBuildFile; fileRef = 5EDE264F2AAA649200B4690A /* AutomationTestingTutorialUITestsLaunchTests.swift */; };
		5EDE265D2AAA64BF00B4690A /* TestFunctions.swift in Sources */ = {isa = PBXBuildFile; fileRef = 5EDE265C2AAA64BF00B4690A /* TestFunctions.swift */; };
/* End PBXBuildFile section */

/* Begin PBXContainerItemProxy section */
		5EDE26402AAA649200B4690A /* PBXContainerItemProxy */ = {
			isa = PBXContainerItemProxy;
			containerPortal = 5EDE26272AAA649100B4690A /* Project object */;
			proxyType = 1;
			remoteGlobalIDString = 5EDE262E2AAA649100B4690A;
			remoteInfo = AutomationTestingTutorial;
		};
		5EDE264A2AAA649200B4690A /* PBXContainerItemProxy */ = {
			isa = PBXContainerItemProxy;
			containerPortal = 5EDE26272AAA649100B4690A /* Project object */;
			proxyType = 1;
			remoteGlobalIDString = 5EDE262E2AAA649100B4690A;
			remoteInfo = AutomationTestingTutorial;
		};
/* End PBXContainerItemProxy section */

/* Begin PBXFileReference section */
		5EDE262F2AAA649100B4690A /* AutomationTestingTutorial.app */ = {isa = PBXFileReference; explicitFileType = wrapper.application; includeInIndex = 0; path = AutomationTestingTutorial.app; sourceTree = BUILT_PRODUCTS_DIR; };
		5EDE26322AAA649100B4690A /* AutomationTestingTutorialApp.swift */ = {isa = PBXFileReference; lastKnownFileType = sourcecode.swift; path = AutomationTestingTutorialApp.swift; sourceTree = "<group>"; };
		5EDE26342AAA649100B4690A /* ContentView.swift */ = {isa = PBXFileReference; lastKnownFileType = sourcecode.swift; path = ContentView.swift; sourceTree = "<group>"; };
		5EDE26362AAA649200B4690A /* Assets.xcassets */ = {isa = PBXFileReference; lastKnownFileType = folder.assetcatalog; path = Assets.xcassets; sourceTree = "<group>"; };
		5EDE26392AAA649200B4690A /* Preview Assets.xcassets */ = {isa = PBXFileReference; lastKnownFileType = folder.assetcatalog; path = "Preview Assets.xcassets"; sourceTree = "<group>"; };
		5EDE263F2AAA649200B4690A /* AutomationTestingTutorialTests.xctest */ = {isa = PBXFileReference; explicitFileType = wrapper.cfbundle; includeInIndex = 0; path = AutomationTestingTutorialTests.xctest; sourceTree = BUILT_PRODUCTS_DIR; };
		5EDE26432AAA649200B4690A /* AutomationTestingTutorialTests.swift */ = {isa = PBXFileReference; lastKnownFileType = sourcecode.swift; path = AutomationTestingTutorialTests.swift; sourceTree = "<group>"; };
		5EDE26492AAA649200B4690A /* AutomationTestingTutorialUITests.xctest */ = {isa = PBXFileReference; explicitFileType = wrapper.cfbundle; includeInIndex = 0; path = AutomationTestingTutorialUITests.xctest; sourceTree = BUILT_PRODUCTS_DIR; };
		5EDE264D2AAA649200B4690A /* AutomationTestingTutorialUITests.swift */ = {isa = PBXFileReference; lastKnownFileType = sourcecode.swift; path = AutomationTestingTutorialUITests.swift; sourceTree = "<group>"; };
		5EDE264F2AAA649200B4690A /* AutomationTestingTutorialUITestsLaunchTests.swift */ = {isa = PBXFileReference; lastKnownFileType = sourcecode.swift; path = AutomationTestingTutorialUITestsLaunchTests.swift; sourceTree = "<group>"; };
		5EDE265C2AAA64BF00B4690A /* TestFunctions.swift */ = {isa = PBXFileReference; lastKnownFileType = sourcecode.swift; path = TestFunctions.swift; sourceTree = "<group>"; };
/* End PBXFileReference section */

/* Begin PBXFrameworksBuildPhase section */
		5EDE262C2AAA649100B4690A /* Frameworks */ = {
			isa = PBXFrameworksBuildPhase;
			buildActionMask = 2147483647;
			files = (
			);
			runOnlyForDeploymentPostprocessing = 0;
		};
		5EDE263C2AAA649200B4690A /* Frameworks */ = {
			isa = PBXFrameworksBuildPhase;
			buildActionMask = 2147483647;
			files = (
			);
			runOnlyForDeploymentPostprocessing = 0;
		};
		5EDE26462AAA649200B4690A /* Frameworks */ = {
			isa = PBXFrameworksBuildPhase;
			buildActionMask = 2147483647;
			files = (
			);
			runOnlyForDeploymentPostprocessing = 0;
		};
/* End PBXFrameworksBuildPhase section */

/* Begin PBXGroup section */
		5EDE26262AAA649100B4690A = {
			isa = PBXGroup;
			children = (
				5EDE26312AAA649100B4690A /* AutomationTestingTutorial */,
				5EDE26422AAA649200B4690A /* AutomationTestingTutorialTests */,
				5EDE264C2AAA649200B4690A /* AutomationTestingTutorialUITests */,
				5EDE26302AAA649100B4690A /* Products */,
			);
			sourceTree = "<group>";
		};
		5EDE26302AAA649100B4690A /* Products */ = {
			isa = PBXGroup;
			children = (
				5EDE262F2AAA649100B4690A /* AutomationTestingTutorial.app */,
				5EDE263F2AAA649200B4690A /* AutomationTestingTutorialTests.xctest */,
				5EDE26492AAA649200B4690A /* AutomationTestingTutorialUITests.xctest */,
			);
			name = Products;
			sourceTree = "<group>";
		};
		5EDE26312AAA649100B4690A /* AutomationTestingTutorial */ = {
			isa = PBXGroup;
			children = (
				5EDE26322AAA649100B4690A /* AutomationTestingTutorialApp.swift */,
				5EDE26342AAA649100B4690A /* ContentView.swift */,
				5EDE26362AAA649200B4690A /* Assets.xcassets */,
				5EDE26382AAA649200B4690A /* Preview Content */,
				5EDE265C2AAA64BF00B4690A /* TestFunctions.swift */,
			);
			path = AutomationTestingTutorial;
			sourceTree = "<group>";
		};
		5EDE26382AAA649200B4690A /* Preview Content */ = {
			isa = PBXGroup;
			children = (
				5EDE26392AAA649200B4690A /* Preview Assets.xcassets */,
			);
			path = "Preview Content";
			sourceTree = "<group>";
		};
		5EDE26422AAA649200B4690A /* AutomationTestingTutorialTests */ = {
			isa = PBXGroup;
			children = (
				5EDE26432AAA649200B4690A /* AutomationTestingTutorialTests.swift */,
			);
			path = AutomationTestingTutorialTests;
			sourceTree = "<group>";
		};
		5EDE264C2AAA649200B4690A /* AutomationTestingTutorialUITests */ = {
			isa = PBXGroup;
			children = (
				5EDE264D2AAA649200B4690A /* AutomationTestingTutorialUITests.swift */,
				5EDE264F2AAA649200B4690A /* AutomationTestingTutorialUITestsLaunchTests.swift */,
			);
			path = AutomationTestingTutorialUITests;
			sourceTree = "<group>";
		};
/* End PBXGroup section */

/* Begin PBXNativeTarget section */
		5EDE262E2AAA649100B4690A /* AutomationTestingTutorial */ = {
			isa = PBXNativeTarget;
			buildConfigurationList = 5EDE26532AAA649200B4690A /* Build configuration list for PBXNativeTarget "AutomationTestingTutorial" */;
			buildPhases = (
				5EDE262B2AAA649100B4690A /* Sources */,
				5EDE262C2AAA649100B4690A /* Frameworks */,
				5EDE262D2AAA649100B4690A /* Resources */,
			);
			buildRules = (
			);
			dependencies = (
			);
			name = AutomationTestingTutorial;
			productName = AutomationTestingTutorial;
			productReference = 5EDE262F2AAA649100B4690A /* AutomationTestingTutorial.app */;
			productType = "com.apple.product-type.application";
		};
		5EDE263E2AAA649200B4690A /* AutomationTestingTutorialTests */ = {
			isa = PBXNativeTarget;
			buildConfigurationList = 5EDE26562AAA649200B4690A /* Build configuration list for PBXNativeTarget "AutomationTestingTutorialTests" */;
			buildPhases = (
				5EDE263B2AAA649200B4690A /* Sources */,
				5EDE263C2AAA649200B4690A /* Frameworks */,
				5EDE263D2AAA649200B4690A /* Resources */,
			);
			buildRules = (
			);
			dependencies = (
				5EDE26412AAA649200B4690A /* PBXTargetDependency */,
			);
			name = AutomationTestingTutorialTests;
			productName = AutomationTestingTutorialTests;
			productReference = 5EDE263F2AAA649200B4690A /* AutomationTestingTutorialTests.xctest */;
			productType = "com.apple.product-type.bundle.unit-test";
		};
		5EDE26482AAA649200B4690A /* AutomationTestingTutorialUITests */ = {
			isa = PBXNativeTarget;
			buildConfigurationList = 5EDE26592AAA649200B4690A /* Build configuration list for PBXNativeTarget "AutomationTestingTutorialUITests" */;
			buildPhases = (
				5EDE26452AAA649200B4690A /* Sources */,
				5EDE26462AAA649200B4690A /* Frameworks */,
				5EDE26472AAA649200B4690A /* Resources */,
			);
			buildRules = (
			);
			dependencies = (
				5EDE264B2AAA649200B4690A /* PBXTargetDependency */,
			);
			name = AutomationTestingTutorialUITests;
			productName = AutomationTestingTutorialUITests;
			productReference = 5EDE26492AAA649200B4690A /* AutomationTestingTutorialUITests.xctest */;
			productType = "com.apple.product-type.bundle.ui-testing";
		};
/* End PBXNativeTarget section */

/* Begin PBXProject section */
		5EDE26272AAA649100B4690A /* Project object */ = {
			isa = PBXProject;
			attributes = {
				BuildIndependentTargetsInParallel = 1;
				LastSwiftUpdateCheck = 1430;
				LastUpgradeCheck = 1430;
				TargetAttributes = {
					5EDE262E2AAA649100B4690A = {
						CreatedOnToolsVersion = 14.3.1;
					};
					5EDE263E2AAA649200B4690A = {
						CreatedOnToolsVersion = 14.3.1;
						TestTargetID = 5EDE262E2AAA649100B4690A;
					};
					5EDE26482AAA649200B4690A = {
						CreatedOnToolsVersion = 14.3.1;
						TestTargetID = 5EDE262E2AAA649100B4690A;
					};
				};
			};
			buildConfigurationList = 5EDE262A2AAA649100B4690A /* Build configuration list for PBXProject "AutomationTestingTutorial" */;
			compatibilityVersion = "Xcode 14.0";
			developmentRegion = en;
			hasScannedForEncodings = 0;
			knownRegions = (
				en,
				Base,
			);
			mainGroup = 5EDE26262AAA649100B4690A;
			productRefGroup = 5EDE26302AAA649100B4690A /* Products */;
			projectDirPath = "";
			projectRoot = "";
			targets = (
				5EDE262E2AAA649100B4690A /* AutomationTestingTutorial */,
				5EDE263E2AAA649200B4690A /* AutomationTestingTutorialTests */,
				5EDE26482AAA649200B4690A /* AutomationTestingTutorialUITests */,
			);
		};
/* End PBXProject section */

/* Begin PBXResourcesBuildPhase section */
		5EDE262D2AAA649100B4690A /* Resources */ = {
			isa = PBXResourcesBuildPhase;
			buildActionMask = 2147483647;
			files = (
				5EDE263A2AAA649200B4690A /* Preview Assets.xcassets in Resources */,
				5EDE26372AAA649200B4690A /* Assets.xcassets in Resources */,
			);
			runOnlyForDeploymentPostprocessing = 0;
		};
		5EDE263D2AAA649200B4690A /* Resources */ = {
			isa = PBXResourcesBuildPhase;
			buildActionMask = 2147483647;
			files = (
			);
			runOnlyForDeploymentPostprocessing = 0;
		};
		5EDE26472AAA649200B4690A /* Resources */ = {
			isa = PBXResourcesBuildPhase;
			buildActionMask = 2147483647;
			files = (
			);
			runOnlyForDeploymentPostprocessing = 0;
		};
/* End PBXResourcesBuildPhase section */

/* Begin PBXSourcesBuildPhase section */
		5EDE262B2AAA649100B4690A /* Sources */ = {
			isa = PBXSourcesBuildPhase;
			buildActionMask = 2147483647;
			files = (
				5EDE26352AAA649100B4690A /* ContentView.swift in Sources */,
				5EDE265D2AAA64BF00B4690A /* TestFunctions.swift in Sources */,
				5EDE26332AAA649100B4690A /* AutomationTestingTutorialApp.swift in Sources */,
			);
			runOnlyForDeploymentPostprocessing = 0;
		};
		5EDE263B2AAA649200B4690A /* Sources */ = {
			isa = PBXSourcesBuildPhase;
			buildActionMask = 2147483647;
			files = (
				5EDE26442AAA649200B4690A /* AutomationTestingTutorialTests.swift in Sources */,
			);
			runOnlyForDeploymentPostprocessing = 0;
		};
		5EDE26452AAA649200B4690A /* Sources */ = {
			isa = PBXSourcesBuildPhase;
			buildActionMask = 2147483647;
			files = (
				5EDE26502AAA649200B4690A /* AutomationTestingTutorialUITestsLaunchTests.swift in Sources */,
				5EDE264E2AAA649200B4690A /* AutomationTestingTutorialUITests.swift in Sources */,
			);
			runOnlyForDeploymentPostprocessing = 0;
		};
/* End PBXSourcesBuildPhase section */

/* Begin PBXTargetDependency section */
		5EDE26412AAA649200B4690A /* PBXTargetDependency */ = {
			isa = PBXTargetDependency;
			target = 5EDE262E2AAA649100B4690A /* AutomationTestingTutorial */;
			targetProxy = 5EDE26402AAA649200B4690A /* PBXContainerItemProxy */;
		};
		5EDE264B2AAA649200B4690A /* PBXTargetDependency */ = {
			isa = PBXTargetDependency;
			target = 5EDE262E2AAA649100B4690A /* AutomationTestingTutorial */;
			targetProxy = 5EDE264A2AAA649200B4690A /* PBXContainerItemProxy */;
		};
/* End PBXTargetDependency section */

/* Begin XCBuildConfiguration section */
		5EDE26512AAA649200B4690A /* Debug */ = {
			isa = XCBuildConfiguration;
			buildSettings = {
				ALWAYS_SEARCH_USER_PATHS = NO;
				CLANG_ANALYZER_NONNULL = YES;
				CLANG_ANALYZER_NUMBER_OBJECT_CONVERSION = YES_AGGRESSIVE;
				CLANG_CXX_LANGUAGE_STANDARD = "gnu++20";
				CLANG_ENABLE_MODULES = YES;
				CLANG_ENABLE_OBJC_ARC = YES;
				CLANG_ENABLE_OBJC_WEAK = YES;
				CLANG_WARN_BLOCK_CAPTURE_AUTORELEASING = YES;
				CLANG_WARN_BOOL_CONVERSION = YES;
				CLANG_WARN_COMMA = YES;
				CLANG_WARN_CONSTANT_CONVERSION = YES;
				CLANG_WARN_DEPRECATED_OBJC_IMPLEMENTATIONS = YES;
				CLANG_WARN_DIRECT_OBJC_ISA_USAGE = YES_ERROR;
				CLANG_WARN_DOCUMENTATION_COMMENTS = YES;
				CLANG_WARN_EMPTY_BODY = YES;
				CLANG_WARN_ENUM_CONVERSION = YES;
				CLANG_WARN_INFINITE_RECURSION = YES;
				CLANG_WARN_INT_CONVERSION = YES;
				CLANG_WARN_NON_LITERAL_NULL_CONVERSION = YES;
				CLANG_WARN_OBJC_IMPLICIT_RETAIN_SELF = YES;
				CLANG_WARN_OBJC_LITERAL_CONVERSION = YES;
				CLANG_WARN_OBJC_ROOT_CLASS = YES_ERROR;
				CLANG_WARN_QUOTED_INCLUDE_IN_FRAMEWORK_HEADER = YES;
				CLANG_WARN_RANGE_LOOP_ANALYSIS = YES;
				CLANG_WARN_STRICT_PROTOTYPES = YES;
				CLANG_WARN_SUSPICIOUS_MOVE = YES;
				CLANG_WARN_UNGUARDED_AVAILABILITY = YES_AGGRESSIVE;
				CLANG_WARN_UNREACHABLE_CODE = YES;
				CLANG_WARN__DUPLICATE_METHOD_MATCH = YES;
				COPY_PHASE_STRIP = NO;
				DEBUG_INFORMATION_FORMAT = dwarf;
				ENABLE_STRICT_OBJC_MSGSEND = YES;
				ENABLE_TESTABILITY = YES;
				GCC_C_LANGUAGE_STANDARD = gnu11;
				GCC_DYNAMIC_NO_PIC = NO;
				GCC_NO_COMMON_BLOCKS = YES;
				GCC_OPTIMIZATION_LEVEL = 0;
				GCC_PREPROCESSOR_DEFINITIONS = (
					"DEBUG=1",
					"$(inherited)",
				);
				GCC_WARN_64_TO_32_BIT_CONVERSION = YES;
				GCC_WARN_ABOUT_RETURN_TYPE = YES_ERROR;
				GCC_WARN_UNDECLARED_SELECTOR = YES;
				GCC_WARN_UNINITIALIZED_AUTOS = YES_AGGRESSIVE;
				GCC_WARN_UNUSED_FUNCTION = YES;
				GCC_WARN_UNUSED_VARIABLE = YES;
				IPHONEOS_DEPLOYMENT_TARGET = 16.4;
				MTL_ENABLE_DEBUG_INFO = INCLUDE_SOURCE;
				MTL_FAST_MATH = YES;
				ONLY_ACTIVE_ARCH = YES;
				SDKROOT = iphoneos;
				SWIFT_ACTIVE_COMPILATION_CONDITIONS = DEBUG;
				SWIFT_OPTIMIZATION_LEVEL = "-Onone";
			};
			name = Debug;
		};
		5EDE26522AAA649200B4690A /* Release */ = {
			isa = XCBuildConfiguration;
			buildSettings = {
				ALWAYS_SEARCH_USER_PATHS = NO;
				CLANG_ANALYZER_NONNULL = YES;
				CLANG_ANALYZER_NUMBER_OBJECT_CONVERSION = YES_AGGRESSIVE;
				CLANG_CXX_LANGUAGE_STANDARD = "gnu++20";
				CLANG_ENABLE_MODULES = YES;
				CLANG_ENABLE_OBJC_ARC = YES;
				CLANG_ENABLE_OBJC_WEAK = YES;
				CLANG_WARN_BLOCK_CAPTURE_AUTORELEASING = YES;
				CLANG_WARN_BOOL_CONVERSION = YES;
				CLANG_WARN_COMMA = YES;
				CLANG_WARN_CONSTANT_CONVERSION = YES;
				CLANG_WARN_DEPRECATED_OBJC_IMPLEMENTATIONS = YES;
				CLANG_WARN_DIRECT_OBJC_ISA_USAGE = YES_ERROR;
				CLANG_WARN_DOCUMENTATION_COMMENTS = YES;
				CLANG_WARN_EMPTY_BODY = YES;
				CLANG_WARN_ENUM_CONVERSION = YES;
				CLANG_WARN_INFINITE_RECURSION = YES;
				CLANG_WARN_INT_CONVERSION = YES;
				CLANG_WARN_NON_LITERAL_NULL_CONVERSION = YES;
				CLANG_WARN_OBJC_IMPLICIT_RETAIN_SELF = YES;
				CLANG_WARN_OBJC_LITERAL_CONVERSION = YES;
				CLANG_WARN_OBJC_ROOT_CLASS = YES_ERROR;
				CLANG_WARN_QUOTED_INCLUDE_IN_FRAMEWORK_HEADER = YES;
				CLANG_WARN_RANGE_LOOP_ANALYSIS = YES;
				CLANG_WARN_STRICT_PROTOTYPES = YES;
				CLANG_WARN_SUSPICIOUS_MOVE = YES;
				CLANG_WARN_UNGUARDED_AVAILABILITY = YES_AGGRESSIVE;
				CLANG_WARN_UNREACHABLE_CODE = YES;
				CLANG_WARN__DUPLICATE_METHOD_MATCH = YES;
				COPY_PHASE_STRIP = NO;
				DEBUG_INFORMATION_FORMAT = "dwarf-with-dsym";
				ENABLE_NS_ASSERTIONS = NO;
				ENABLE_STRICT_OBJC_MSGSEND = YES;
				GCC_C_LANGUAGE_STANDARD = gnu11;
				GCC_NO_COMMON_BLOCKS = YES;
				GCC_WARN_64_TO_32_BIT_CONVERSION = YES;
				GCC_WARN_ABOUT_RETURN_TYPE = YES_ERROR;
				GCC_WARN_UNDECLARED_SELECTOR = YES;
				GCC_WARN_UNINITIALIZED_AUTOS = YES_AGGRESSIVE;
				GCC_WARN_UNUSED_FUNCTION = YES;
				GCC_WARN_UNUSED_VARIABLE = YES;
				IPHONEOS_DEPLOYMENT_TARGET = 16.4;
				MTL_ENABLE_DEBUG_INFO = NO;
				MTL_FAST_MATH = YES;
				SDKROOT = iphoneos;
				SWIFT_COMPILATION_MODE = wholemodule;
				SWIFT_OPTIMIZATION_LEVEL = "-O";
				VALIDATE_PRODUCT = YES;
			};
			name = Release;
		};
		5EDE26542AAA649200B4690A /* Debug */ = {
			isa = XCBuildConfiguration;
			buildSettings = {
				ASSETCATALOG_COMPILER_APPICON_NAME = AppIcon;
				ASSETCATALOG_COMPILER_GLOBAL_ACCENT_COLOR_NAME = AccentColor;
				CODE_SIGN_STYLE = Automatic;
				CURRENT_PROJECT_VERSION = 1;
				DEVELOPMENT_ASSET_PATHS = "\"AutomationTestingTutorial/Preview Content\"";
				DEVELOPMENT_TEAM = 4K59AN948M;
				ENABLE_PREVIEWS = YES;
				GENERATE_INFOPLIST_FILE = YES;
				INFOPLIST_KEY_UIApplicationSceneManifest_Generation = YES;
				INFOPLIST_KEY_UIApplicationSupportsIndirectInputEvents = YES;
				INFOPLIST_KEY_UILaunchScreen_Generation = YES;
				INFOPLIST_KEY_UISupportedInterfaceOrientations_iPad = "UIInterfaceOrientationPortrait UIInterfaceOrientationPortraitUpsideDown UIInterfaceOrientationLandscapeLeft UIInterfaceOrientationLandscapeRight";
				INFOPLIST_KEY_UISupportedInterfaceOrientations_iPhone = "UIInterfaceOrientationPortrait UIInterfaceOrientationLandscapeLeft UIInterfaceOrientationLandscapeRight";
				LD_RUNPATH_SEARCH_PATHS = (
					"$(inherited)",
					"@executable_path/Frameworks",
				);
				MARKETING_VERSION = 1.0;
				PRODUCT_BUNDLE_IDENTIFIER = com.misscoding.AutomationTestingTutorial;
				PRODUCT_NAME = "$(TARGET_NAME)";
				SWIFT_EMIT_LOC_STRINGS = YES;
				SWIFT_VERSION = 5.0;
				TARGETED_DEVICE_FAMILY = "1,2";
			};
			name = Debug;
		};
		5EDE26552AAA649200B4690A /* Release */ = {
			isa = XCBuildConfiguration;
			buildSettings = {
				ASSETCATALOG_COMPILER_APPICON_NAME = AppIcon;
				ASSETCATALOG_COMPILER_GLOBAL_ACCENT_COLOR_NAME = AccentColor;
				CODE_SIGN_STYLE = Automatic;
				CURRENT_PROJECT_VERSION = 1;
				DEVELOPMENT_ASSET_PATHS = "\"AutomationTestingTutorial/Preview Content\"";
				DEVELOPMENT_TEAM = 4K59AN948M;
				ENABLE_PREVIEWS = YES;
				GENERATE_INFOPLIST_FILE = YES;
				INFOPLIST_KEY_UIApplicationSceneManifest_Generation = YES;
				INFOPLIST_KEY_UIApplicationSupportsIndirectInputEvents = YES;
				INFOPLIST_KEY_UILaunchScreen_Generation = YES;
				INFOPLIST_KEY_UISupportedInterfaceOrientations_iPad = "UIInterfaceOrientationPortrait UIInterfaceOrientationPortraitUpsideDown UIInterfaceOrientationLandscapeLeft UIInterfaceOrientationLandscapeRight";
				INFOPLIST_KEY_UISupportedInterfaceOrientations_iPhone = "UIInterfaceOrientationPortrait UIInterfaceOrientationLandscapeLeft UIInterfaceOrientationLandscapeRight";
				LD_RUNPATH_SEARCH_PATHS = (
					"$(inherited)",
					"@executable_path/Frameworks",
				);
				MARKETING_VERSION = 1.0;
				PRODUCT_BUNDLE_IDENTIFIER = com.misscoding.AutomationTestingTutorial;
				PRODUCT_NAME = "$(TARGET_NAME)";
				SWIFT_EMIT_LOC_STRINGS = YES;
				SWIFT_VERSION = 5.0;
				TARGETED_DEVICE_FAMILY = "1,2";
			};
			name = Release;
		};
		5EDE26572AAA649200B4690A /* Debug */ = {
			isa = XCBuildConfiguration;
			buildSettings = {
				ALWAYS_EMBED_SWIFT_STANDARD_LIBRARIES = YES;
				BUNDLE_LOADER = "$(TEST_HOST)";
				CODE_SIGN_STYLE = Automatic;
				CURRENT_PROJECT_VERSION = 1;
				DEVELOPMENT_TEAM = 4K59AN948M;
				GENERATE_INFOPLIST_FILE = YES;
				IPHONEOS_DEPLOYMENT_TARGET = 16.4;
				MARKETING_VERSION = 1.0;
				PRODUCT_BUNDLE_IDENTIFIER = com.misscoding.AutomationTestingTutorialTests;
				PRODUCT_NAME = "$(TARGET_NAME)";
				SWIFT_EMIT_LOC_STRINGS = NO;
				SWIFT_VERSION = 5.0;
				TARGETED_DEVICE_FAMILY = "1,2";
				TEST_HOST = "$(BUILT_PRODUCTS_DIR)/AutomationTestingTutorial.app/$(BUNDLE_EXECUTABLE_FOLDER_PATH)/AutomationTestingTutorial";
			};
			name = Debug;
		};
		5EDE26582AAA649200B4690A /* Release */ = {
			isa = XCBuildConfiguration;
			buildSettings = {
				ALWAYS_EMBED_SWIFT_STANDARD_LIBRARIES = YES;
				BUNDLE_LOADER = "$(TEST_HOST)";
				CODE_SIGN_STYLE = Automatic;
				CURRENT_PROJECT_VERSION = 1;
				DEVELOPMENT_TEAM = 4K59AN948M;
				GENERATE_INFOPLIST_FILE = YES;
				IPHONEOS_DEPLOYMENT_TARGET = 16.4;
				MARKETING_VERSION = 1.0;
				PRODUCT_BUNDLE_IDENTIFIER = com.misscoding.AutomationTestingTutorialTests;
				PRODUCT_NAME = "$(TARGET_NAME)";
				SWIFT_EMIT_LOC_STRINGS = NO;
				SWIFT_VERSION = 5.0;
				TARGETED_DEVICE_FAMILY = "1,2";
				TEST_HOST = "$(BUILT_PRODUCTS_DIR)/AutomationTestingTutorial.app/$(BUNDLE_EXECUTABLE_FOLDER_PATH)/AutomationTestingTutorial";
			};
			name = Release;
		};
		5EDE265A2AAA649200B4690A /* Debug */ = {
			isa = XCBuildConfiguration;
			buildSettings = {
				ALWAYS_EMBED_SWIFT_STANDARD_LIBRARIES = YES;
				CODE_SIGN_STYLE = Automatic;
				CURRENT_PROJECT_VERSION = 1;
				DEVELOPMENT_TEAM = 4K59AN948M;
				GENERATE_INFOPLIST_FILE = YES;
				MARKETING_VERSION = 1.0;
				PRODUCT_BUNDLE_IDENTIFIER = com.misscoding.AutomationTestingTutorialUITests;
				PRODUCT_NAME = "$(TARGET_NAME)";
				SWIFT_EMIT_LOC_STRINGS = NO;
				SWIFT_VERSION = 5.0;
				TARGETED_DEVICE_FAMILY = "1,2";
				TEST_TARGET_NAME = AutomationTestingTutorial;
			};
			name = Debug;
		};
		5EDE265B2AAA649200B4690A /* Release */ = {
			isa = XCBuildConfiguration;
			buildSettings = {
				ALWAYS_EMBED_SWIFT_STANDARD_LIBRARIES = YES;
				CODE_SIGN_STYLE = Automatic;
				CURRENT_PROJECT_VERSION = 1;
				DEVELOPMENT_TEAM = 4K59AN948M;
				GENERATE_INFOPLIST_FILE = YES;
				MARKETING_VERSION = 1.0;
				PRODUCT_BUNDLE_IDENTIFIER = com.misscoding.AutomationTestingTutorialUITests;
				PRODUCT_NAME = "$(TARGET_NAME)";
				SWIFT_EMIT_LOC_STRINGS = NO;
				SWIFT_VERSION = 5.0;
				TARGETED_DEVICE_FAMILY = "1,2";
				TEST_TARGET_NAME = AutomationTestingTutorial;
			};
			name = Release;
		};
/* End XCBuildConfiguration section */

/* Begin XCConfigurationList section */
		5EDE262A2AAA649100B4690A /* Build configuration list for PBXProject "AutomationTestingTutorial" */ = {
			isa = XCConfigurationList;
			buildConfigurations = (
				5EDE26512AAA649200B4690A /* Debug */,
				5EDE26522AAA649200B4690A /* Release */,
			);
			defaultConfigurationIsVisible = 0;
			defaultConfigurationName = Release;
		};
		5EDE26532AAA649200B4690A /* Build configuration list for PBXNativeTarget "AutomationTestingTutorial" */ = {
			isa = XCConfigurationList;
			buildConfigurations = (
				5EDE26542AAA649200B4690A /* Debug */,
				5EDE26552AAA649200B4690A /* Release */,
			);
			defaultConfigurationIsVisible = 0;
			defaultConfigurationName = Release;
		};
		5EDE26562AAA649200B4690A /* Build configuration list for PBXNativeTarget "AutomationTestingTutorialTests" */ = {
			isa = XCConfigurationList;
			buildConfigurations = (
				5EDE26572AAA649200B4690A /* Debug */,
				5EDE26582AAA649200B4690A /* Release */,
			);
			defaultConfigurationIsVisible = 0;
			defaultConfigurationName = Release;
		};
		5EDE26592AAA649200B4690A /* Build configuration list for PBXNativeTarget "AutomationTestingTutorialUITests" */ = {
			isa = XCConfigurationList;
			buildConfigurations = (
				5EDE265A2AAA649200B4690A /* Debug */,
				5EDE265B2AAA649200B4690A /* Release */,
			);
			defaultConfigurationIsVisible = 0;
			defaultConfigurationName = Release;
		};
/* End XCConfigurationList section */
	};
	rootObject = 5EDE26272AAA649100B4690A /* Project object */;
}
